
Microsoft Visual Studio Solution File, Format Version 12.00
# Visual Studio Version 16
VisualStudioVersion = 25.0.1706.5
MinimumVisualStudioVersion = 10.0.40219.1
Project("{FAE04EC0-301F-11D3-BF4B-00C04F79EFBC}") = "PROG7312.POE", "PROG7312.POE\PROG7312.POE.csproj", "{D8F82759-8916-4B60-B3B7-576397812F14}"
EndProject
Global
	GlobalSection(SolutionConfigurationPlatforms) = preSolution
		Debug|Any CPU = Debug|Any CPU
		Release|Any CPU = Release|Any CPU
	EndGlobalSection
	GlobalSection(ProjectConfigurationPlatforms) = postSolution
		{D8F82759-8916-4B60-B3B7-576397812F14}.Debug|Any CPU.ActiveCfg = Debug|Any CPU
		{D8F82759-8916-4B60-B3B7-576397812F14}.Debug|Any CPU.Build.0 = Debug|Any CPU
		{D8F82759-8916-4B60-B3B7-576397812F14}.Release|Any CPU.ActiveCfg = Release|Any CPU
		{D8F82759-8916-4B60-B3B7-576397812F14}.Release|Any CPU.Build.0 = Release|Any CPU
	EndGlobalSection
	GlobalSection(SolutionProperties) = preSolution
		HideSolutionNode = FALSE
	EndGlobalSection
	GlobalSection(ExtensibilityGlobals) = postSolution
		SolutionGuid = {7C2B8892-8D80-4106-8B00-071686880DC3}
	EndGlobalSection
EndGlobal
