
Microsoft Visual Studio Solution File, Format Version 12.00
# Visual Studio Version 16
VisualStudioVersion = 25.0.1706.5
MinimumVisualStudioVersion = 10.0.40219.1
Project("{FAE04EC0-301F-11D3-BF4B-00C04F79EFBC}") = "PROG7312.POE.web", "PROG7312.POE.web\PROG7312.POE.web.csproj", "{2AF30FDF-7AA7-4D0D-A9C1-015278948A26}"
EndProject
Global
	GlobalSection(SolutionConfigurationPlatforms) = preSolution
		Debug|Any CPU = Debug|Any CPU
		Release|Any CPU = Release|Any CPU
	EndGlobalSection
	GlobalSection(ProjectConfigurationPlatforms) = postSolution
		{2AF30FDF-7AA7-4D0D-A9C1-015278948A26}.Debug|Any CPU.ActiveCfg = Debug|Any CPU
		{2AF30FDF-7AA7-4D0D-A9C1-015278948A26}.Debug|Any CPU.Build.0 = Debug|Any CPU
		{2AF30FDF-7AA7-4D0D-A9C1-015278948A26}.Release|Any CPU.ActiveCfg = Release|Any CPU
		{2AF30FDF-7AA7-4D0D-A9C1-015278948A26}.Release|Any CPU.Build.0 = Release|Any CPU
	EndGlobalSection
	GlobalSection(SolutionProperties) = preSolution
		HideSolutionNode = FALSE
	EndGlobalSection
	GlobalSection(ExtensibilityGlobals) = postSolution
		SolutionGuid = {64851A3C-E9F4-42B7-A401-BE4A8FE090FB}
	EndGlobalSection
EndGlobal
